
Microsoft Visual Studio Solution File, Format Version 12.00
# Visual Studio Version 17
VisualStudioVersion = 17.7.34003.232
MinimumVisualStudioVersion = 10.0.40219.1
Project("{9A19103F-16F7-4668-BE54-9A1E7A4F7556}") = "SistemaGestionBussiness", "SistemaGestionBussiness\SistemaGestionBussiness.csproj", "{4D03A7F9-79F0-45E2-B8B2-D17C1519A869}"
EndProject
Project("{9A19103F-16F7-4668-BE54-9A1E7A4F7556}") = "SistemaGestionData", "SistemaGestionData\SistemaGestionData.csproj", "{156E6BB1-843C-4A9E-ADDB-7C51534BD61E}"
EndProject
Project("{9A19103F-16F7-4668-BE54-9A1E7A4F7556}") = "SistemaGestionEntities", "SistemaGestionEntities\SistemaGestionEntities.csproj", "{3FED5C31-AE15-440F-9029-4A40C28DCA5E}"
EndProject
Project("{9A19103F-16F7-4668-BE54-9A1E7A4F7556}") = "SistemaGestionWebAPI", "SistemaGestionWebAPI\SistemaGestionWebAPI.csproj", "{6EA88824-1BA3-4E3E-B0E7-CFDB97EA0E48}"
EndProject
Project("{9A19103F-16F7-4668-BE54-9A1E7A4F7556}") = "SistemaGestionUI", "SistemaGestionInterface\SistemaGestionUI.csproj", "{78D23037-4F88-4CBA-AEDA-3981B957430B}"
EndProject
Global
	GlobalSection(SolutionConfigurationPlatforms) = preSolution
		Debug|Any CPU = Debug|Any CPU
		Release|Any CPU = Release|Any CPU
	EndGlobalSection
	GlobalSection(ProjectConfigurationPlatforms) = postSolution
		{4D03A7F9-79F0-45E2-B8B2-D17C1519A869}.Debug|Any CPU.ActiveCfg = Debug|Any CPU
		{4D03A7F9-79F0-45E2-B8B2-D17C1519A869}.Debug|Any CPU.Build.0 = Debug|Any CPU
		{4D03A7F9-79F0-45E2-B8B2-D17C1519A869}.Release|Any CPU.ActiveCfg = Release|Any CPU
		{4D03A7F9-79F0-45E2-B8B2-D17C1519A869}.Release|Any CPU.Build.0 = Release|Any CPU
		{156E6BB1-843C-4A9E-ADDB-7C51534BD61E}.Debug|Any CPU.ActiveCfg = Debug|Any CPU
		{156E6BB1-843C-4A9E-ADDB-7C51534BD61E}.Debug|Any CPU.Build.0 = Debug|Any CPU
		{156E6BB1-843C-4A9E-ADDB-7C51534BD61E}.Release|Any CPU.ActiveCfg = Release|Any CPU
		{156E6BB1-843C-4A9E-ADDB-7C51534BD61E}.Release|Any CPU.Build.0 = Release|Any CPU
		{3FED5C31-AE15-440F-9029-4A40C28DCA5E}.Debug|Any CPU.ActiveCfg = Debug|Any CPU
		{3FED5C31-AE15-440F-9029-4A40C28DCA5E}.Debug|Any CPU.Build.0 = Debug|Any CPU
		{3FED5C31-AE15-440F-9029-4A40C28DCA5E}.Release|Any CPU.ActiveCfg = Release|Any CPU
		{3FED5C31-AE15-440F-9029-4A40C28DCA5E}.Release|Any CPU.Build.0 = Release|Any CPU
		{6EA88824-1BA3-4E3E-B0E7-CFDB97EA0E48}.Debug|Any CPU.ActiveCfg = Debug|Any CPU
		{6EA88824-1BA3-4E3E-B0E7-CFDB97EA0E48}.Debug|Any CPU.Build.0 = Debug|Any CPU
		{6EA88824-1BA3-4E3E-B0E7-CFDB97EA0E48}.Release|Any CPU.ActiveCfg = Release|Any CPU
		{6EA88824-1BA3-4E3E-B0E7-CFDB97EA0E48}.Release|Any CPU.Build.0 = Release|Any CPU
		{78D23037-4F88-4CBA-AEDA-3981B957430B}.Debug|Any CPU.ActiveCfg = Debug|Any CPU
		{78D23037-4F88-4CBA-AEDA-3981B957430B}.Debug|Any CPU.Build.0 = Debug|Any CPU
		{78D23037-4F88-4CBA-AEDA-3981B957430B}.Release|Any CPU.ActiveCfg = Release|Any CPU
		{78D23037-4F88-4CBA-AEDA-3981B957430B}.Release|Any CPU.Build.0 = Release|Any CPU
	EndGlobalSection
	GlobalSection(SolutionProperties) = preSolution
		HideSolutionNode = FALSE
	EndGlobalSection
	GlobalSection(ExtensibilityGlobals) = postSolution
		SolutionGuid = {459D8599-46A9-4384-9B4F-0E9A186E775F}
	EndGlobalSection
EndGlobal
